
Microsoft Visual Studio Solution File, Format Version 12.00
# Visual Studio Version 17
VisualStudioVersion = 17.0.31903.59
MinimumVisualStudioVersion = 10.0.40219.1
Project("{FAE04EC0-301F-11D3-BF4B-00C04F79EFBC}") = "API", "API\API.csproj", "{BD84FF77-EFC9-471C-9352-AAF801D1AEF5}"
EndProject
Project("{FAE04EC0-301F-11D3-BF4B-00C04F79EFBC}") = "Domain", "Domain\Domain.csproj", "{D93A9CCA-6E6F-44E9-83EC-55AB30809E33}"
EndProject
Project("{FAE04EC0-301F-11D3-BF4B-00C04F79EFBC}") = "Infrastructure", "Infrastructure\Infrastructure.csproj", "{E031AA7B-DA17-4DA8-93E6-C713808E76CA}"
EndProject
Global
	GlobalSection(SolutionProperties) = preSolution
		HideSolutionNode = FALSE
	EndGlobalSection
	GlobalSection(SolutionConfigurationPlatforms) = preSolution
		Debug|Any CPU = Debug|Any CPU
		Debug|x64 = Debug|x64
		Debug|x86 = Debug|x86
		Release|Any CPU = Release|Any CPU
		Release|x64 = Release|x64
		Release|x86 = Release|x86
	EndGlobalSection
	GlobalSection(ProjectConfigurationPlatforms) = postSolution
		{BD84FF77-EFC9-471C-9352-AAF801D1AEF5}.Debug|Any CPU.ActiveCfg = Debug|Any CPU
		{BD84FF77-EFC9-471C-9352-AAF801D1AEF5}.Debug|Any CPU.Build.0 = Debug|Any CPU
		{BD84FF77-EFC9-471C-9352-AAF801D1AEF5}.Debug|x64.ActiveCfg = Debug|Any CPU
		{BD84FF77-EFC9-471C-9352-AAF801D1AEF5}.Debug|x64.Build.0 = Debug|Any CPU
		{BD84FF77-EFC9-471C-9352-AAF801D1AEF5}.Debug|x86.ActiveCfg = Debug|Any CPU
		{BD84FF77-EFC9-471C-9352-AAF801D1AEF5}.Debug|x86.Build.0 = Debug|Any CPU
		{BD84FF77-EFC9-471C-9352-AAF801D1AEF5}.Release|Any CPU.ActiveCfg = Release|Any CPU
		{BD84FF77-EFC9-471C-9352-AAF801D1AEF5}.Release|Any CPU.Build.0 = Release|Any CPU
		{BD84FF77-EFC9-471C-9352-AAF801D1AEF5}.Release|x64.ActiveCfg = Release|Any CPU
		{BD84FF77-EFC9-471C-9352-AAF801D1AEF5}.Release|x64.Build.0 = Release|Any CPU
		{BD84FF77-EFC9-471C-9352-AAF801D1AEF5}.Release|x86.ActiveCfg = Release|Any CPU
		{BD84FF77-EFC9-471C-9352-AAF801D1AEF5}.Release|x86.Build.0 = Release|Any CPU
		{D93A9CCA-6E6F-44E9-83EC-55AB30809E33}.Debug|Any CPU.ActiveCfg = Debug|Any CPU
		{D93A9CCA-6E6F-44E9-83EC-55AB30809E33}.Debug|Any CPU.Build.0 = Debug|Any CPU
		{D93A9CCA-6E6F-44E9-83EC-55AB30809E33}.Debug|x64.ActiveCfg = Debug|Any CPU
		{D93A9CCA-6E6F-44E9-83EC-55AB30809E33}.Debug|x64.Build.0 = Debug|Any CPU
		{D93A9CCA-6E6F-44E9-83EC-55AB30809E33}.Debug|x86.ActiveCfg = Debug|Any CPU
		{D93A9CCA-6E6F-44E9-83EC-55AB30809E33}.Debug|x86.Build.0 = Debug|Any CPU
		{D93A9CCA-6E6F-44E9-83EC-55AB30809E33}.Release|Any CPU.ActiveCfg = Release|Any CPU
		{D93A9CCA-6E6F-44E9-83EC-55AB30809E33}.Release|Any CPU.Build.0 = Release|Any CPU
		{D93A9CCA-6E6F-44E9-83EC-55AB30809E33}.Release|x64.ActiveCfg = Release|Any CPU
		{D93A9CCA-6E6F-44E9-83EC-55AB30809E33}.Release|x64.Build.0 = Release|Any CPU
		{D93A9CCA-6E6F-44E9-83EC-55AB30809E33}.Release|x86.ActiveCfg = Release|Any CPU
		{D93A9CCA-6E6F-44E9-83EC-55AB30809E33}.Release|x86.Build.0 = Release|Any CPU
		{E031AA7B-DA17-4DA8-93E6-C713808E76CA}.Debug|Any CPU.ActiveCfg = Debug|Any CPU
		{E031AA7B-DA17-4DA8-93E6-C713808E76CA}.Debug|Any CPU.Build.0 = Debug|Any CPU
		{E031AA7B-DA17-4DA8-93E6-C713808E76CA}.Debug|x64.ActiveCfg = Debug|Any CPU
		{E031AA7B-DA17-4DA8-93E6-C713808E76CA}.Debug|x64.Build.0 = Debug|Any CPU
		{E031AA7B-DA17-4DA8-93E6-C713808E76CA}.Debug|x86.ActiveCfg = Debug|Any CPU
		{E031AA7B-DA17-4DA8-93E6-C713808E76CA}.Debug|x86.Build.0 = Debug|Any CPU
		{E031AA7B-DA17-4DA8-93E6-C713808E76CA}.Release|Any CPU.ActiveCfg = Release|Any CPU
		{E031AA7B-DA17-4DA8-93E6-C713808E76CA}.Release|Any CPU.Build.0 = Release|Any CPU
		{E031AA7B-DA17-4DA8-93E6-C713808E76CA}.Release|x64.ActiveCfg = Release|Any CPU
		{E031AA7B-DA17-4DA8-93E6-C713808E76CA}.Release|x64.Build.0 = Release|Any CPU
		{E031AA7B-DA17-4DA8-93E6-C713808E76CA}.Release|x86.ActiveCfg = Release|Any CPU
		{E031AA7B-DA17-4DA8-93E6-C713808E76CA}.Release|x86.Build.0 = Release|Any CPU
	EndGlobalSection
EndGlobal
